
Microsoft Visual Studio Solution File, Format Version 12.00
# Visual Studio Version 17
VisualStudioVersion = 17.0.32126.317
MinimumVisualStudioVersion = 10.0.40219.1
Project("{FAE04EC0-301F-11D3-BF4B-00C04F79EFBC}") = "BlazorBasic", "Client\BlazorBasic.csproj", "{A789CAE2-99A1-4D0D-B492-6FB0A727E94D}"
EndProject
Project("{2150E333-8FDC-42A3-9474-1A3956D46DE8}") = "Shared", "Shared", "{4F52FD11-658E-A102-6CD3-7D7C16FFA15B}"
EndProject
Project("{FAE04EC0-301F-11D3-BF4B-00C04F79EFBC}") = "SignalBrief.Shared", "Shared\SignalBrief.Shared.csproj", "{8177AE2A-753C-4DFA-8D49-1B6018BDBBA5}"
EndProject
Project("{2150E333-8FDC-42A3-9474-1A3956D46DE8}") = "Api", "Api", "{D82C56D6-B2CD-F611-9E31-04638F7EC30E}"
EndProject
Project("{FAE04EC0-301F-11D3-BF4B-00C04F79EFBC}") = "SignalBrief.Api", "Api\SignalBrief.Api.csproj", "{4D56594A-C679-49CF-84A1-AD315EA883E7}"
EndProject
Global
	GlobalSection(SolutionConfigurationPlatforms) = preSolution
		Debug|Any CPU = Debug|Any CPU
		Debug|x64 = Debug|x64
		Debug|x86 = Debug|x86
		Release|Any CPU = Release|Any CPU
		Release|x64 = Release|x64
		Release|x86 = Release|x86
	EndGlobalSection
	GlobalSection(ProjectConfigurationPlatforms) = postSolution
		{A789CAE2-99A1-4D0D-B492-6FB0A727E94D}.Debug|Any CPU.ActiveCfg = Debug|Any CPU
		{A789CAE2-99A1-4D0D-B492-6FB0A727E94D}.Debug|Any CPU.Build.0 = Debug|Any CPU
		{A789CAE2-99A1-4D0D-B492-6FB0A727E94D}.Debug|x64.ActiveCfg = Debug|Any CPU
		{A789CAE2-99A1-4D0D-B492-6FB0A727E94D}.Debug|x64.Build.0 = Debug|Any CPU
		{A789CAE2-99A1-4D0D-B492-6FB0A727E94D}.Debug|x86.ActiveCfg = Debug|Any CPU
		{A789CAE2-99A1-4D0D-B492-6FB0A727E94D}.Debug|x86.Build.0 = Debug|Any CPU
		{A789CAE2-99A1-4D0D-B492-6FB0A727E94D}.Release|Any CPU.ActiveCfg = Release|Any CPU
		{A789CAE2-99A1-4D0D-B492-6FB0A727E94D}.Release|Any CPU.Build.0 = Release|Any CPU
		{A789CAE2-99A1-4D0D-B492-6FB0A727E94D}.Release|x64.ActiveCfg = Release|Any CPU
		{A789CAE2-99A1-4D0D-B492-6FB0A727E94D}.Release|x64.Build.0 = Release|Any CPU
		{A789CAE2-99A1-4D0D-B492-6FB0A727E94D}.Release|x86.ActiveCfg = Release|Any CPU
		{A789CAE2-99A1-4D0D-B492-6FB0A727E94D}.Release|x86.Build.0 = Release|Any CPU
		{8177AE2A-753C-4DFA-8D49-1B6018BDBBA5}.Debug|Any CPU.ActiveCfg = Debug|Any CPU
		{8177AE2A-753C-4DFA-8D49-1B6018BDBBA5}.Debug|Any CPU.Build.0 = Debug|Any CPU
		{8177AE2A-753C-4DFA-8D49-1B6018BDBBA5}.Debug|x64.ActiveCfg = Debug|Any CPU
		{8177AE2A-753C-4DFA-8D49-1B6018BDBBA5}.Debug|x64.Build.0 = Debug|Any CPU
		{8177AE2A-753C-4DFA-8D49-1B6018BDBBA5}.Debug|x86.ActiveCfg = Debug|Any CPU
		{8177AE2A-753C-4DFA-8D49-1B6018BDBBA5}.Debug|x86.Build.0 = Debug|Any CPU
		{8177AE2A-753C-4DFA-8D49-1B6018BDBBA5}.Release|Any CPU.ActiveCfg = Release|Any CPU
		{8177AE2A-753C-4DFA-8D49-1B6018BDBBA5}.Release|Any CPU.Build.0 = Release|Any CPU
		{8177AE2A-753C-4DFA-8D49-1B6018BDBBA5}.Release|x64.ActiveCfg = Release|Any CPU
		{8177AE2A-753C-4DFA-8D49-1B6018BDBBA5}.Release|x64.Build.0 = Release|Any CPU
		{8177AE2A-753C-4DFA-8D49-1B6018BDBBA5}.Release|x86.ActiveCfg = Release|Any CPU
		{8177AE2A-753C-4DFA-8D49-1B6018BDBBA5}.Release|x86.Build.0 = Release|Any CPU
		{4D56594A-C679-49CF-84A1-AD315EA883E7}.Debug|Any CPU.ActiveCfg = Debug|Any CPU
		{4D56594A-C679-49CF-84A1-AD315EA883E7}.Debug|Any CPU.Build.0 = Debug|Any CPU
		{4D56594A-C679-49CF-84A1-AD315EA883E7}.Debug|x64.ActiveCfg = Debug|Any CPU
		{4D56594A-C679-49CF-84A1-AD315EA883E7}.Debug|x64.Build.0 = Debug|Any CPU
		{4D56594A-C679-49CF-84A1-AD315EA883E7}.Debug|x86.ActiveCfg = Debug|Any CPU
		{4D56594A-C679-49CF-84A1-AD315EA883E7}.Debug|x86.Build.0 = Debug|Any CPU
		{4D56594A-C679-49CF-84A1-AD315EA883E7}.Release|Any CPU.ActiveCfg = Release|Any CPU
		{4D56594A-C679-49CF-84A1-AD315EA883E7}.Release|Any CPU.Build.0 = Release|Any CPU
		{4D56594A-C679-49CF-84A1-AD315EA883E7}.Release|x64.ActiveCfg = Release|Any CPU
		{4D56594A-C679-49CF-84A1-AD315EA883E7}.Release|x64.Build.0 = Release|Any CPU
		{4D56594A-C679-49CF-84A1-AD315EA883E7}.Release|x86.ActiveCfg = Release|Any CPU
		{4D56594A-C679-49CF-84A1-AD315EA883E7}.Release|x86.Build.0 = Release|Any CPU
	EndGlobalSection
	GlobalSection(SolutionProperties) = preSolution
		HideSolutionNode = FALSE
	EndGlobalSection
	GlobalSection(NestedProjects) = preSolution
		{8177AE2A-753C-4DFA-8D49-1B6018BDBBA5} = {4F52FD11-658E-A102-6CD3-7D7C16FFA15B}
		{4D56594A-C679-49CF-84A1-AD315EA883E7} = {D82C56D6-B2CD-F611-9E31-04638F7EC30E}
	EndGlobalSection
	GlobalSection(ExtensibilityGlobals) = postSolution
		SolutionGuid = {4F9D01E7-687B-44CB-8224-C8AA6C773351}
	EndGlobalSection
EndGlobal
